{
    "_meta": {
        "hash": {
            "sha256": "90c46b41ec8e9fd1313075fa929afacdc3282fef7c4cdbd984d8e3ba3b4c32f1"
        },
        "pipfile-spec": 6,
        "requires": {
            "python_version": "3.7"
        },
        "sources": [
            {
                "name": "pypi",
                "url": "https://pypi.org/simple",
                "verify_ssl": true
            }
        ]
    },
    "default": {
        "django": {
            "hashes": [
                "sha256:665457d4146bbd34ae9d2970fa3b37082d7b225b0671bfd24c337458f229db78",
                "sha256:bde46d4dbc410678e89bc95ea5d312dd6eb4c37d0fa0e19c9415cad94addf22f"
            ],
            "index": "pypi",
            "version": "==2.0.13"
        },
        "django-google-maps": {
            "hashes": [
                "sha256:96ac80748eb7a9787aa9aab0fbf9ff392e86bc86a44013b507d3b6c76e1b9b33"
            ],
            "index": "pypi",
            "version": "==0.10.1"
        },
        "pytz": {
            "hashes": [
                "sha256:32b0891edff07e28efe91284ed9c31e123d84bea3fd98e1f72be2508f43ef8d9",
                "sha256:d5f05e487007e29e03409f9398d074e158d920d36eb82eaf66fb1136b0c5374c"
            ],
            "version": "==2018.9"
        }
    },
    "develop": {}
}
